import { DataSource } from 'typeorm';
import { config } from 'dotenv';
config();

export default new DataSource({
  type: 'postgres',
  host: process.env.DATABASE_HOST,
  port: +process.env.DATABASE_PORT,
  username: process.env.DATABASE_USER,
  password: process.env.DATABASE_PASSWORD,
  database: process.env.DATABASE_DB,
  dropSchema: false,
  logging: false,
  entities: ["src/entity/*.entity{.ts,.js}"],
  migrations: ['src/migrations/*{.ts,.js}'],
  // seed:[__dirname + 'src/seeder/*.ts'],,'src/seeder/seed.ts'
  migrationsTableName: 'migration_table',
  synchronize: false,
});

THIS IS MY data-surce.ts file
and when i r un this command tis error is occuring 

shruti-mokariya@shruti-mokariya:~/Desktop/TypeOrm_Practice/basicTypeorm$ npm run ts-node src/migration/data-source.ts

> typeorm-sample@0.0.1 migrate
> ts-node src/migration/data-source.ts

TypeError: Unknown file extension ".ts" for /home/shruti-mokariya/Desktop/TypeOrm_Practice/basicTypeorm/src/migration/data-source.ts
    at Object.getFileProtocolModuleFormat [as file:] (node:internal/modules/esm/get_format:176:9)
    at defaultGetFormat (node:internal/modules/esm/get_format:219:36)
    at defaultLoad (node:internal/modules/esm/load:133:22)
    at async ModuleLoader.load (node:internal/modules/esm/loader:554:7)
    at async ModuleLoader.moduleProvider (node:internal/modules/esm/loader:435:45)
    at async ModuleJob._link (node:internal/modules/esm/module_job:106:19) {
  code: 'ERR_UNKNOWN_FILE_EXTENSION'
